// !$*UTF8*$!
{
	archiveVersion = 1;
	classes = {
	};
	objectVersion = 55;
	objects = {

/* Begin PBXBuildFile section */
		DD2282A229180D4B0092BDF6 /* DetailCryptoViewController.swift in Sources */ = {isa = PBXBuildFile; fileRef = DD2282A129180D4B0092BDF6 /* DetailCryptoViewController.swift */; };
		DD2282C429184E460092BDF6 /* LoginViewController.swift in Sources */ = {isa = PBXBuildFile; fileRef = DD2282C329184E460092BDF6 /* LoginViewController.swift */; };
		DD2B47B1293E79D3000920B1 /* SortOrder.swift in Sources */ = {isa = PBXBuildFile; fileRef = DD2B47B0293E79D3000920B1 /* SortOrder.swift */; };
		DD49BF822910430D00768AD1 /* AppDelegate.swift in Sources */ = {isa = PBXBuildFile; fileRef = DD49BF812910430D00768AD1 /* AppDelegate.swift */; };
		DD49BF862910430D00768AD1 /* CryptoTrackerViewController.swift in Sources */ = {isa = PBXBuildFile; fileRef = DD49BF852910430D00768AD1 /* CryptoTrackerViewController.swift */; };
		DD49BF8B2910430F00768AD1 /* Assets.xcassets in Resources */ = {isa = PBXBuildFile; fileRef = DD49BF8A2910430F00768AD1 /* Assets.xcassets */; };
		DD49BF8E2910430F00768AD1 /* LaunchScreen.storyboard in Resources */ = {isa = PBXBuildFile; fileRef = DD49BF8C2910430F00768AD1 /* LaunchScreen.storyboard */; };
		DD49BF982910476E00768AD1 /* CryptoTableViewCell.swift in Sources */ = {isa = PBXBuildFile; fileRef = DD49BF972910476E00768AD1 /* CryptoTableViewCell.swift */; };
		DD49BF9C291187DD00768AD1 /* ApiManager.swift in Sources */ = {isa = PBXBuildFile; fileRef = DD49BF9B291187DD00768AD1 /* ApiManager.swift */; };
		DD49BF9E29118D2400768AD1 /* CryptoModel.swift in Sources */ = {isa = PBXBuildFile; fileRef = DD49BF9D29118D2400768AD1 /* CryptoModel.swift */; };
		DD49BFA1291191D000768AD1 /* CryptoViewModel.swift in Sources */ = {isa = PBXBuildFile; fileRef = DD49BFA0291191D000768AD1 /* CryptoViewModel.swift */; };
		DDB3B04829199FBE00D26C57 /* SceneDelegate.swift in Sources */ = {isa = PBXBuildFile; fileRef = DDB3B04729199FBE00D26C57 /* SceneDelegate.swift */; };
		DDB4EEE0291EEE18006F35D8 /* ScreenRouter.swift in Sources */ = {isa = PBXBuildFile; fileRef = DDB4EEDF291EEE18006F35D8 /* ScreenRouter.swift */; };
		DDED18A429333562001C96AF /* Extensions.swift in Sources */ = {isa = PBXBuildFile; fileRef = DDED18A329333562001C96AF /* Extensions.swift */; };
		DDED18A6293B54C5001C96AF /* LoginManager.swift in Sources */ = {isa = PBXBuildFile; fileRef = DDED18A5293B54C5001C96AF /* LoginManager.swift */; };
		DDED18A8293BC76D001C96AF /* Builder.swift in Sources */ = {isa = PBXBuildFile; fileRef = DDED18A7293BC76D001C96AF /* Builder.swift */; };
/* End PBXBuildFile section */

/* Begin PBXFileReference section */
		DD2282A129180D4B0092BDF6 /* DetailCryptoViewController.swift */ = {isa = PBXFileReference; lastKnownFileType = sourcecode.swift; path = DetailCryptoViewController.swift; sourceTree = "<group>"; };
		DD2282C329184E460092BDF6 /* LoginViewController.swift */ = {isa = PBXFileReference; lastKnownFileType = sourcecode.swift; path = LoginViewController.swift; sourceTree = "<group>"; };
		DD2B47B0293E79D3000920B1 /* SortOrder.swift */ = {isa = PBXFileReference; lastKnownFileType = sourcecode.swift; path = SortOrder.swift; sourceTree = "<group>"; };
		DD49BF7E2910430D00768AD1 /* CryptoTracker.app */ = {isa = PBXFileReference; explicitFileType = wrapper.application; includeInIndex = 0; path = CryptoTracker.app; sourceTree = BUILT_PRODUCTS_DIR; };
		DD49BF812910430D00768AD1 /* AppDelegate.swift */ = {isa = PBXFileReference; lastKnownFileType = sourcecode.swift; path = AppDelegate.swift; sourceTree = "<group>"; };
		DD49BF852910430D00768AD1 /* CryptoTrackerViewController.swift */ = {isa = PBXFileReference; lastKnownFileType = sourcecode.swift; path = CryptoTrackerViewController.swift; sourceTree = "<group>"; };
		DD49BF8A2910430F00768AD1 /* Assets.xcassets */ = {isa = PBXFileReference; lastKnownFileType = folder.assetcatalog; path = Assets.xcassets; sourceTree = "<group>"; };
		DD49BF8D2910430F00768AD1 /* Base */ = {isa = PBXFileReference; lastKnownFileType = file.storyboard; name = Base; path = Base.lproj/LaunchScreen.storyboard; sourceTree = "<group>"; };
		DD49BF8F2910430F00768AD1 /* Info.plist */ = {isa = PBXFileReference; lastKnownFileType = text.plist.xml; path = Info.plist; sourceTree = "<group>"; };
		DD49BF972910476E00768AD1 /* CryptoTableViewCell.swift */ = {isa = PBXFileReference; lastKnownFileType = sourcecode.swift; path = CryptoTableViewCell.swift; sourceTree = "<group>"; };
		DD49BF9B291187DD00768AD1 /* ApiManager.swift */ = {isa = PBXFileReference; lastKnownFileType = sourcecode.swift; path = ApiManager.swift; sourceTree = "<group>"; };
		DD49BF9D29118D2400768AD1 /* CryptoModel.swift */ = {isa = PBXFileReference; lastKnownFileType = sourcecode.swift; path = CryptoModel.swift; sourceTree = "<group>"; };
		DD49BFA0291191D000768AD1 /* CryptoViewModel.swift */ = {isa = PBXFileReference; lastKnownFileType = sourcecode.swift; path = CryptoViewModel.swift; sourceTree = "<group>"; };
		DDB3B04729199FBE00D26C57 /* SceneDelegate.swift */ = {isa = PBXFileReference; fileEncoding = 4; lastKnownFileType = sourcecode.swift; path = SceneDelegate.swift; sourceTree = "<group>"; };
		DDB4EEDF291EEE18006F35D8 /* ScreenRouter.swift */ = {isa = PBXFileReference; lastKnownFileType = sourcecode.swift; path = ScreenRouter.swift; sourceTree = "<group>"; };
		DDED18A329333562001C96AF /* Extensions.swift */ = {isa = PBXFileReference; lastKnownFileType = sourcecode.swift; path = Extensions.swift; sourceTree = "<group>"; };
		DDED18A5293B54C5001C96AF /* LoginManager.swift */ = {isa = PBXFileReference; lastKnownFileType = sourcecode.swift; path = LoginManager.swift; sourceTree = "<group>"; };
		DDED18A7293BC76D001C96AF /* Builder.swift */ = {isa = PBXFileReference; lastKnownFileType = sourcecode.swift; path = Builder.swift; sourceTree = "<group>"; };
/* End PBXFileReference section */

/* Begin PBXFrameworksBuildPhase section */
		DD49BF7B2910430D00768AD1 /* Frameworks */ = {
			isa = PBXFrameworksBuildPhase;
			buildActionMask = 2147483647;
			files = (
			);
			runOnlyForDeploymentPostprocessing = 0;
		};
/* End PBXFrameworksBuildPhase section */

/* Begin PBXGroup section */
		DD49BF752910430D00768AD1 = {
			isa = PBXGroup;
			children = (
				DD49BF802910430D00768AD1 /* CryptoTracker */,
				DD49BF7F2910430D00768AD1 /* Products */,
			);
			sourceTree = "<group>";
		};
		DD49BF7F2910430D00768AD1 /* Products */ = {
			isa = PBXGroup;
			children = (
				DD49BF7E2910430D00768AD1 /* CryptoTracker.app */,
			);
			name = Products;
			sourceTree = "<group>";
		};
		DD49BF802910430D00768AD1 /* CryptoTracker */ = {
			isa = PBXGroup;
			children = (
				DD49BF99291047EF00768AD1 /* Models */,
				DD49BF952910441800768AD1 /* Views */,
				DD49BF9F2911918400768AD1 /* ViewModels */,
				DD49BF9A2910567B00768AD1 /* Managers */,
				DDED18A229333538001C96AF /* Resourses */,
				DD49BF812910430D00768AD1 /* AppDelegate.swift */,
				DDB3B04729199FBE00D26C57 /* SceneDelegate.swift */,
				DD49BF8A2910430F00768AD1 /* Assets.xcassets */,
				DD49BF8C2910430F00768AD1 /* LaunchScreen.storyboard */,
				DD49BF8F2910430F00768AD1 /* Info.plist */,
			);
			path = CryptoTracker;
			sourceTree = "<group>";
		};
		DD49BF952910441800768AD1 /* Views */ = {
			isa = PBXGroup;
			children = (
				DD49BF962910444600768AD1 /* Controllers */,
				DD49BF972910476E00768AD1 /* CryptoTableViewCell.swift */,
			);
			path = Views;
			sourceTree = "<group>";
		};
		DD49BF962910444600768AD1 /* Controllers */ = {
			isa = PBXGroup;
			children = (
				DD2282C329184E460092BDF6 /* LoginViewController.swift */,
				DD49BF852910430D00768AD1 /* CryptoTrackerViewController.swift */,
				DD2282A129180D4B0092BDF6 /* DetailCryptoViewController.swift */,
			);
			path = Controllers;
			sourceTree = "<group>";
		};
		DD49BF99291047EF00768AD1 /* Models */ = {
			isa = PBXGroup;
			children = (
				DD49BF9D29118D2400768AD1 /* CryptoModel.swift */,
			);
			path = Models;
			sourceTree = "<group>";
		};
		DD49BF9A2910567B00768AD1 /* Managers */ = {
			isa = PBXGroup;
			children = (
				DD49BF9B291187DD00768AD1 /* ApiManager.swift */,
				DDB4EEDF291EEE18006F35D8 /* ScreenRouter.swift */,
				DDED18A5293B54C5001C96AF /* LoginManager.swift */,
				DDED18A7293BC76D001C96AF /* Builder.swift */,
			);
			path = Managers;
			sourceTree = "<group>";
		};
		DD49BF9F2911918400768AD1 /* ViewModels */ = {
			isa = PBXGroup;
			children = (
				DD49BFA0291191D000768AD1 /* CryptoViewModel.swift */,
			);
			path = ViewModels;
			sourceTree = "<group>";
		};
		DDED18A229333538001C96AF /* Resourses */ = {
			isa = PBXGroup;
			children = (
				DDED18A329333562001C96AF /* Extensions.swift */,
				DD2B47B0293E79D3000920B1 /* SortOrder.swift */,
			);
			path = Resourses;
			sourceTree = "<group>";
		};
/* End PBXGroup section */

/* Begin PBXNativeTarget section */
		DD49BF7D2910430D00768AD1 /* CryptoTracker */ = {
			isa = PBXNativeTarget;
			buildConfigurationList = DD49BF922910430F00768AD1 /* Build configuration list for PBXNativeTarget "CryptoTracker" */;
			buildPhases = (
				DD49BF7A2910430D00768AD1 /* Sources */,
				DD49BF7B2910430D00768AD1 /* Frameworks */,
				DD49BF7C2910430D00768AD1 /* Resources */,
			);
			buildRules = (
			);
			dependencies = (
			);
			name = CryptoTracker;
			productName = CryptoTracker;
			productReference = DD49BF7E2910430D00768AD1 /* CryptoTracker.app */;
			productType = "com.apple.product-type.application";
		};
/* End PBXNativeTarget section */

/* Begin PBXProject section */
		DD49BF762910430D00768AD1 /* Project object */ = {
			isa = PBXProject;
			attributes = {
				BuildIndependentTargetsInParallel = 1;
				LastSwiftUpdateCheck = 1340;
				LastUpgradeCheck = 1340;
				TargetAttributes = {
					DD49BF7D2910430D00768AD1 = {
						CreatedOnToolsVersion = 13.4.1;
					};
				};
			};
			buildConfigurationList = DD49BF792910430D00768AD1 /* Build configuration list for PBXProject "CryptoTracker" */;
			compatibilityVersion = "Xcode 13.0";
			developmentRegion = en;
			hasScannedForEncodings = 0;
			knownRegions = (
				en,
				Base,
			);
			mainGroup = DD49BF752910430D00768AD1;
			productRefGroup = DD49BF7F2910430D00768AD1 /* Products */;
			projectDirPath = "";
			projectRoot = "";
			targets = (
				DD49BF7D2910430D00768AD1 /* CryptoTracker */,
			);
		};
/* End PBXProject section */

/* Begin PBXResourcesBuildPhase section */
		DD49BF7C2910430D00768AD1 /* Resources */ = {
			isa = PBXResourcesBuildPhase;
			buildActionMask = 2147483647;
			files = (
				DD49BF8E2910430F00768AD1 /* LaunchScreen.storyboard in Resources */,
				DD49BF8B2910430F00768AD1 /* Assets.xcassets in Resources */,
			);
			runOnlyForDeploymentPostprocessing = 0;
		};
/* End PBXResourcesBuildPhase section */

/* Begin PBXSourcesBuildPhase section */
		DD49BF7A2910430D00768AD1 /* Sources */ = {
			isa = PBXSourcesBuildPhase;
			buildActionMask = 2147483647;
			files = (
				DDED18A6293B54C5001C96AF /* LoginManager.swift in Sources */,
				DD2282C429184E460092BDF6 /* LoginViewController.swift in Sources */,
				DDED18A8293BC76D001C96AF /* Builder.swift in Sources */,
				DD49BF982910476E00768AD1 /* CryptoTableViewCell.swift in Sources */,
				DD2B47B1293E79D3000920B1 /* SortOrder.swift in Sources */,
				DD49BF9E29118D2400768AD1 /* CryptoModel.swift in Sources */,
				DD49BF862910430D00768AD1 /* CryptoTrackerViewController.swift in Sources */,
				DD49BFA1291191D000768AD1 /* CryptoViewModel.swift in Sources */,
				DD2282A229180D4B0092BDF6 /* DetailCryptoViewController.swift in Sources */,
				DDB3B04829199FBE00D26C57 /* SceneDelegate.swift in Sources */,
				DD49BF822910430D00768AD1 /* AppDelegate.swift in Sources */,
				DD49BF9C291187DD00768AD1 /* ApiManager.swift in Sources */,
				DDED18A429333562001C96AF /* Extensions.swift in Sources */,
				DDB4EEE0291EEE18006F35D8 /* ScreenRouter.swift in Sources */,
			);
			runOnlyForDeploymentPostprocessing = 0;
		};
/* End PBXSourcesBuildPhase section */

/* Begin PBXVariantGroup section */
		DD49BF8C2910430F00768AD1 /* LaunchScreen.storyboard */ = {
			isa = PBXVariantGroup;
			children = (
				DD49BF8D2910430F00768AD1 /* Base */,
			);
			name = LaunchScreen.storyboard;
			sourceTree = "<group>";
		};
/* End PBXVariantGroup section */

/* Begin XCBuildConfiguration section */
		DD49BF902910430F00768AD1 /* Debug */ = {
			isa = XCBuildConfiguration;
			buildSettings = {
				ALWAYS_SEARCH_USER_PATHS = NO;
				CLANG_ANALYZER_NONNULL = YES;
				CLANG_ANALYZER_NUMBER_OBJECT_CONVERSION = YES_AGGRESSIVE;
				CLANG_CXX_LANGUAGE_STANDARD = "gnu++17";
				CLANG_ENABLE_MODULES = YES;
				CLANG_ENABLE_OBJC_ARC = YES;
				CLANG_ENABLE_OBJC_WEAK = YES;
				CLANG_WARN_BLOCK_CAPTURE_AUTORELEASING = YES;
				CLANG_WARN_BOOL_CONVERSION = YES;
				CLANG_WARN_COMMA = YES;
				CLANG_WARN_CONSTANT_CONVERSION = YES;
				CLANG_WARN_DEPRECATED_OBJC_IMPLEMENTATIONS = YES;
				CLANG_WARN_DIRECT_OBJC_ISA_USAGE = YES_ERROR;
				CLANG_WARN_DOCUMENTATION_COMMENTS = YES;
				CLANG_WARN_EMPTY_BODY = YES;
				CLANG_WARN_ENUM_CONVERSION = YES;
				CLANG_WARN_INFINITE_RECURSION = YES;
				CLANG_WARN_INT_CONVERSION = YES;
				CLANG_WARN_NON_LITERAL_NULL_CONVERSION = YES;
				CLANG_WARN_OBJC_IMPLICIT_RETAIN_SELF = YES;
				CLANG_WARN_OBJC_LITERAL_CONVERSION = YES;
				CLANG_WARN_OBJC_ROOT_CLASS = YES_ERROR;
				CLANG_WARN_QUOTED_INCLUDE_IN_FRAMEWORK_HEADER = YES;
				CLANG_WARN_RANGE_LOOP_ANALYSIS = YES;
				CLANG_WARN_STRICT_PROTOTYPES = YES;
				CLANG_WARN_SUSPICIOUS_MOVE = YES;
				CLANG_WARN_UNGUARDED_AVAILABILITY = YES_AGGRESSIVE;
				CLANG_WARN_UNREACHABLE_CODE = YES;
				CLANG_WARN__DUPLICATE_METHOD_MATCH = YES;
				COPY_PHASE_STRIP = NO;
				DEBUG_INFORMATION_FORMAT = dwarf;
				ENABLE_STRICT_OBJC_MSGSEND = YES;
				ENABLE_TESTABILITY = YES;
				GCC_C_LANGUAGE_STANDARD = gnu11;
				GCC_DYNAMIC_NO_PIC = NO;
				GCC_NO_COMMON_BLOCKS = YES;
				GCC_OPTIMIZATION_LEVEL = 0;
				GCC_PREPROCESSOR_DEFINITIONS = (
					"DEBUG=1",
					"$(inherited)",
				);
				GCC_WARN_64_TO_32_BIT_CONVERSION = YES;
				GCC_WARN_ABOUT_RETURN_TYPE = YES_ERROR;
				GCC_WARN_UNDECLARED_SELECTOR = YES;
				GCC_WARN_UNINITIALIZED_AUTOS = YES_AGGRESSIVE;
				GCC_WARN_UNUSED_FUNCTION = YES;
				GCC_WARN_UNUSED_VARIABLE = YES;
				IPHONEOS_DEPLOYMENT_TARGET = 15.5;
				MTL_ENABLE_DEBUG_INFO = INCLUDE_SOURCE;
				MTL_FAST_MATH = YES;
				ONLY_ACTIVE_ARCH = YES;
				SDKROOT = iphoneos;
				SWIFT_ACTIVE_COMPILATION_CONDITIONS = DEBUG;
				SWIFT_OPTIMIZATION_LEVEL = "-Onone";
			};
			name = Debug;
		};
		DD49BF912910430F00768AD1 /* Release */ = {
			isa = XCBuildConfiguration;
			buildSettings = {
				ALWAYS_SEARCH_USER_PATHS = NO;
				CLANG_ANALYZER_NONNULL = YES;
				CLANG_ANALYZER_NUMBER_OBJECT_CONVERSION = YES_AGGRESSIVE;
				CLANG_CXX_LANGUAGE_STANDARD = "gnu++17";
				CLANG_ENABLE_MODULES = YES;
				CLANG_ENABLE_OBJC_ARC = YES;
				CLANG_ENABLE_OBJC_WEAK = YES;
				CLANG_WARN_BLOCK_CAPTURE_AUTORELEASING = YES;
				CLANG_WARN_BOOL_CONVERSION = YES;
				CLANG_WARN_COMMA = YES;
				CLANG_WARN_CONSTANT_CONVERSION = YES;
				CLANG_WARN_DEPRECATED_OBJC_IMPLEMENTATIONS = YES;
				CLANG_WARN_DIRECT_OBJC_ISA_USAGE = YES_ERROR;
				CLANG_WARN_DOCUMENTATION_COMMENTS = YES;
				CLANG_WARN_EMPTY_BODY = YES;
				CLANG_WARN_ENUM_CONVERSION = YES;
				CLANG_WARN_INFINITE_RECURSION = YES;
				CLANG_WARN_INT_CONVERSION = YES;
				CLANG_WARN_NON_LITERAL_NULL_CONVERSION = YES;
				CLANG_WARN_OBJC_IMPLICIT_RETAIN_SELF = YES;
				CLANG_WARN_OBJC_LITERAL_CONVERSION = YES;
				CLANG_WARN_OBJC_ROOT_CLASS = YES_ERROR;
				CLANG_WARN_QUOTED_INCLUDE_IN_FRAMEWORK_HEADER = YES;
				CLANG_WARN_RANGE_LOOP_ANALYSIS = YES;
				CLANG_WARN_STRICT_PROTOTYPES = YES;
				CLANG_WARN_SUSPICIOUS_MOVE = YES;
				CLANG_WARN_UNGUARDED_AVAILABILITY = YES_AGGRESSIVE;
				CLANG_WARN_UNREACHABLE_CODE = YES;
				CLANG_WARN__DUPLICATE_METHOD_MATCH = YES;
				COPY_PHASE_STRIP = NO;
				DEBUG_INFORMATION_FORMAT = "dwarf-with-dsym";
				ENABLE_NS_ASSERTIONS = NO;
				ENABLE_STRICT_OBJC_MSGSEND = YES;
				GCC_C_LANGUAGE_STANDARD = gnu11;
				GCC_NO_COMMON_BLOCKS = YES;
				GCC_WARN_64_TO_32_BIT_CONVERSION = YES;
				GCC_WARN_ABOUT_RETURN_TYPE = YES_ERROR;
				GCC_WARN_UNDECLARED_SELECTOR = YES;
				GCC_WARN_UNINITIALIZED_AUTOS = YES_AGGRESSIVE;
				GCC_WARN_UNUSED_FUNCTION = YES;
				GCC_WARN_UNUSED_VARIABLE = YES;
				IPHONEOS_DEPLOYMENT_TARGET = 15.5;
				MTL_ENABLE_DEBUG_INFO = NO;
				MTL_FAST_MATH = YES;
				SDKROOT = iphoneos;
				SWIFT_COMPILATION_MODE = wholemodule;
				SWIFT_OPTIMIZATION_LEVEL = "-O";
				VALIDATE_PRODUCT = YES;
			};
			name = Release;
		};
		DD49BF932910430F00768AD1 /* Debug */ = {
			isa = XCBuildConfiguration;
			buildSettings = {
				ASSETCATALOG_COMPILER_APPICON_NAME = AppIcon;
				ASSETCATALOG_COMPILER_GLOBAL_ACCENT_COLOR_NAME = AccentColor;
				CODE_SIGN_STYLE = Automatic;
				CURRENT_PROJECT_VERSION = 1;
				DEVELOPMENT_TEAM = J5CLB7XJ6N;
				GENERATE_INFOPLIST_FILE = YES;
				INFOPLIST_FILE = CryptoTracker/Info.plist;
				INFOPLIST_KEY_UIApplicationSupportsIndirectInputEvents = YES;
				INFOPLIST_KEY_UILaunchStoryboardName = LaunchScreen;
				INFOPLIST_KEY_UISupportedInterfaceOrientations = UIInterfaceOrientationPortrait;
				INFOPLIST_KEY_UISupportedInterfaceOrientations_iPad = "UIInterfaceOrientationPortrait UIInterfaceOrientationPortraitUpsideDown UIInterfaceOrientationLandscapeLeft UIInterfaceOrientationLandscapeRight";
				INFOPLIST_KEY_UISupportedInterfaceOrientations_iPhone = "UIInterfaceOrientationPortrait UIInterfaceOrientationLandscapeLeft UIInterfaceOrientationLandscapeRight";
				IPHONEOS_DEPLOYMENT_TARGET = 15.0;
				LD_RUNPATH_SEARCH_PATHS = (
					"$(inherited)",
					"@executable_path/Frameworks",
				);
				MARKETING_VERSION = 1.0;
				PRODUCT_BUNDLE_IDENTIFIER = by.Vadim.Polovoy.CryptoTracker;
				PRODUCT_NAME = "$(TARGET_NAME)";
				SWIFT_EMIT_LOC_STRINGS = NO;
				SWIFT_VERSION = 5.0;
				TARGETED_DEVICE_FAMILY = 1;
			};
			name = Debug;
		};
		DD49BF942910430F00768AD1 /* Release */ = {
			isa = XCBuildConfiguration;
			buildSettings = {
				ASSETCATALOG_COMPILER_APPICON_NAME = AppIcon;
				ASSETCATALOG_COMPILER_GLOBAL_ACCENT_COLOR_NAME = AccentColor;
				CODE_SIGN_STYLE = Automatic;
				CURRENT_PROJECT_VERSION = 1;
				DEVELOPMENT_TEAM = J5CLB7XJ6N;
				GENERATE_INFOPLIST_FILE = YES;
				INFOPLIST_FILE = CryptoTracker/Info.plist;
				INFOPLIST_KEY_UIApplicationSupportsIndirectInputEvents = YES;
				INFOPLIST_KEY_UILaunchStoryboardName = LaunchScreen;
				INFOPLIST_KEY_UISupportedInterfaceOrientations = UIInterfaceOrientationPortrait;
				INFOPLIST_KEY_UISupportedInterfaceOrientations_iPad = "UIInterfaceOrientationPortrait UIInterfaceOrientationPortraitUpsideDown UIInterfaceOrientationLandscapeLeft UIInterfaceOrientationLandscapeRight";
				INFOPLIST_KEY_UISupportedInterfaceOrientations_iPhone = "UIInterfaceOrientationPortrait UIInterfaceOrientationLandscapeLeft UIInterfaceOrientationLandscapeRight";
				IPHONEOS_DEPLOYMENT_TARGET = 15.0;
				LD_RUNPATH_SEARCH_PATHS = (
					"$(inherited)",
					"@executable_path/Frameworks",
				);
				MARKETING_VERSION = 1.0;
				PRODUCT_BUNDLE_IDENTIFIER = by.Vadim.Polovoy.CryptoTracker;
				PRODUCT_NAME = "$(TARGET_NAME)";
				SWIFT_EMIT_LOC_STRINGS = NO;
				SWIFT_VERSION = 5.0;
				TARGETED_DEVICE_FAMILY = 1;
			};
			name = Release;
		};
/* End XCBuildConfiguration section */

/* Begin XCConfigurationList section */
		DD49BF792910430D00768AD1 /* Build configuration list for PBXProject "CryptoTracker" */ = {
			isa = XCConfigurationList;
			buildConfigurations = (
				DD49BF902910430F00768AD1 /* Debug */,
				DD49BF912910430F00768AD1 /* Release */,
			);
			defaultConfigurationIsVisible = 0;
			defaultConfigurationName = Release;
		};
		DD49BF922910430F00768AD1 /* Build configuration list for PBXNativeTarget "CryptoTracker" */ = {
			isa = XCConfigurationList;
			buildConfigurations = (
				DD49BF932910430F00768AD1 /* Debug */,
				DD49BF942910430F00768AD1 /* Release */,
			);
			defaultConfigurationIsVisible = 0;
			defaultConfigurationName = Release;
		};
/* End XCConfigurationList section */
	};
	rootObject = DD49BF762910430D00768AD1 /* Project object */;
}
